# THIS IS AN AUTOGENERATED FILE. DO NOT EDIT THIS FILE DIRECTLY.
# yarn lockfile v1


"@babel/runtime@^7.13.10", "@babel/runtime@^7.24.0":
  version "7.24.1"
  resolved "https://registry.npmjs.org/@babel/runtime/-/runtime-7.24.1.tgz#431f9a794d173b53720e69a6464abc6f0e2a5c57"
  integrity sha512-+BIznRzyqBf+2wCTxcKE3wDjfGeCoVE61KSHGpkzqrLi8qxqFwBeUFyId2cxkTmm55fzDGnm0+yCxaxygrLUnQ==
  dependencies:
    regenerator-runtime "^0.14.0"

"@radix-ui/primitive@1.0.1":
  version "1.0.1"
  resolved "https://registry.npmjs.org/@radix-ui/primitive/-/primitive-1.0.1.tgz#e46f9958b35d10e9f6dc71c497305c22e3e55dbd"
  integrity sha512-yQ8oGX2GVsEYMWGxcovu1uGWPCxV5BFfeeYxqPmuAzUyLT9qmaMXSAhXpb0WrspIeqYzdJpkh2vHModJPgRIaw==
  dependencies:
    "@babel/runtime" "^7.13.10"

"@radix-ui/react-compose-refs@1.0.1":
  version "1.0.1"
  resolved "https://registry.npmjs.org/@radix-ui/react-compose-refs/-/react-compose-refs-1.0.1.tgz#7ed868b66946aa6030e580b1ffca386dd4d21989"
  integrity sha512-fDSBgd44FKHa1FRMU59qBMPFcl2PZE+2nmqunj+BWFyYYjnhIDWL2ItDs3rrbJDQOtzt5nIebLCQc4QRfz6LJw==
  dependencies:
    "@babel/runtime" "^7.13.10"

"@radix-ui/react-context@1.0.1":
  version "1.0.1"
  resolved "https://registry.npmjs.org/@radix-ui/react-context/-/react-context-1.0.1.tgz#fe46e67c96b240de59187dcb7a1a50ce3e2ec00c"
  integrity sha512-ebbrdFoYTcuZ0v4wG5tedGnp9tzcV8awzsxYph7gXUyvnNLuTIcCk1q17JEbnVhXAKG9oX3KtchwiMIAYp9NLg==
  dependencies:
    "@babel/runtime" "^7.13.10"

"@radix-ui/react-primitive@1.0.3":
  version "1.0.3"
  resolved "https://registry.npmjs.org/@radix-ui/react-primitive/-/react-primitive-1.0.3.tgz#d49ea0f3f0b2fe3ab1cb5667eb03e8b843b914d0"
  integrity sha512-yi58uVyoAcK/Nq1inRY56ZSjKypBNKTa/1mcL8qdl6oJeEaDbOldlzrGn7P6Q3Id5d+SYNGc5AJgc4vGhjs5+g==
  dependencies:
    "@babel/runtime" "^7.13.10"
    "@radix-ui/react-slot" "1.0.2"

"@radix-ui/react-slot@1.0.2":
  version "1.0.2"
  resolved "https://registry.npmjs.org/@radix-ui/react-slot/-/react-slot-1.0.2.tgz#a9ff4423eade67f501ffb32ec22064bc9d3099ab"
  integrity sha512-YeTpuq4deV+6DusvVUW4ivBgnkHwECUu0BiN43L5UCDFgdhsRUWAghhTF5MbvNTPzmiFOx90asDSUjWuCNapwg==
  dependencies:
    "@babel/runtime" "^7.13.10"
    "@radix-ui/react-compose-refs" "1.0.1"

"@radix-ui/react-switch@^1.0.3":
  version "1.0.3"
  resolved "https://registry.npmjs.org/@radix-ui/react-switch/-/react-switch-1.0.3.tgz#6119f16656a9eafb4424c600fdb36efa5ec5837e"
  integrity sha512-mxm87F88HyHztsI7N+ZUmEoARGkC22YVW5CaC+Byc+HRpuvCrOBPTAnXgf+tZ/7i0Sg/eOePGdMhUKhPaQEqow==
  dependencies:
    "@babel/runtime" "^7.13.10"
    "@radix-ui/primitive" "1.0.1"
    "@radix-ui/react-compose-refs" "1.0.1"
    "@radix-ui/react-context" "1.0.1"
    "@radix-ui/react-primitive" "1.0.3"
    "@radix-ui/react-use-controllable-state" "1.0.1"
    "@radix-ui/react-use-previous" "1.0.1"
    "@radix-ui/react-use-size" "1.0.1"

"@radix-ui/react-use-callback-ref@1.0.1":
  version "1.0.1"
  resolved "https://registry.npmjs.org/@radix-ui/react-use-callback-ref/-/react-use-callback-ref-1.0.1.tgz#f4bb1f27f2023c984e6534317ebc411fc181107a"
  integrity sha512-D94LjX4Sp0xJFVaoQOd3OO9k7tpBYNOXdVhkltUbGv2Qb9OXdrg/CpsjlZv7ia14Sylv398LswWBVVu5nqKzAQ==
  dependencies:
    "@babel/runtime" "^7.13.10"

"@radix-ui/react-use-controllable-state@1.0.1":
  version "1.0.1"
  resolved "https://registry.npmjs.org/@radix-ui/react-use-controllable-state/-/react-use-controllable-state-1.0.1.tgz#ecd2ced34e6330caf89a82854aa2f77e07440286"
  integrity sha512-Svl5GY5FQeN758fWKrjM6Qb7asvXeiZltlT4U2gVfl8Gx5UAv2sMR0LWo8yhsIZh2oQ0eFdZ59aoOOMV7b47VA==
  dependencies:
    "@babel/runtime" "^7.13.10"
    "@radix-ui/react-use-callback-ref" "1.0.1"

"@radix-ui/react-use-layout-effect@1.0.1":
  version "1.0.1"
  resolved "https://registry.npmjs.org/@radix-ui/react-use-layout-effect/-/react-use-layout-effect-1.0.1.tgz#be8c7bc809b0c8934acf6657b577daf948a75399"
  integrity sha512-v/5RegiJWYdoCvMnITBkNNx6bCj20fiaJnWtRkU18yITptraXjffz5Qbn05uOiQnOvi+dbkznkoaMltz1GnszQ==
  dependencies:
    "@babel/runtime" "^7.13.10"

"@radix-ui/react-use-previous@1.0.1":
  version "1.0.1"
  resolved "https://registry.npmjs.org/@radix-ui/react-use-previous/-/react-use-previous-1.0.1.tgz#b595c087b07317a4f143696c6a01de43b0d0ec66"
  integrity sha512-cV5La9DPwiQ7S0gf/0qiD6YgNqM5Fk97Kdrlc5yBcrF3jyEZQwm7vYFqMo4IfeHgJXsRaMvLABFtd0OVEmZhDw==
  dependencies:
    "@babel/runtime" "^7.13.10"

"@radix-ui/react-use-size@1.0.1":
  version "1.0.1"
  resolved "https://registry.npmjs.org/@radix-ui/react-use-size/-/react-use-size-1.0.1.tgz#1c5f5fea940a7d7ade77694bb98116fb49f870b2"
  integrity sha512-ibay+VqrgcaI6veAojjofPATwledXiSmX+C0KrBk/xgpX9rBzPV3OsfwlhQdUOFbh+LKQorLYT+xTXW9V8yd0g==
  dependencies:
    "@babel/runtime" "^7.13.10"
    "@radix-ui/react-use-layout-effect" "1.0.1"

class-variance-authority@^0.7.0:
  version "0.7.0"
  resolved "https://registry.npmjs.org/class-variance-authority/-/class-variance-authority-0.7.0.tgz#1c3134d634d80271b1837452b06d821915954522"
  integrity sha512-jFI8IQw4hczaL4ALINxqLEXQbWcNjoSkloa4IaufXCJr6QawJyw7tuRysRsrE8w2p/4gGaxKIt/hX3qz/IbD1A==
  dependencies:
    clsx "2.0.0"

clsx@2.0.0:
  version "2.0.0"
  resolved "https://registry.npmjs.org/clsx/-/clsx-2.0.0.tgz#12658f3fd98fafe62075595a5c30e43d18f3d00b"
  integrity sha512-rQ1+kcj+ttHG0MKVGBUXwayCCF1oh39BF5COIpRzuCEv8Mwjv0XucrI2ExNTOn9IlLifGClWQcU9BrZORvtw6Q==

clsx@^2.1.0:
  version "2.1.0"
  resolved "https://registry.npmjs.org/clsx/-/clsx-2.1.0.tgz#e851283bcb5c80ee7608db18487433f7b23f77cb"
  integrity sha512-m3iNNWpd9rl3jvvcBnu70ylMdrXt8Vlq4HYadnU5fwcOtvkSQWPmj7amUcDT2qYI7risszBjI5AUIUox9D16pg==

regenerator-runtime@^0.14.0:
  version "0.14.1"
  resolved "https://registry.npmjs.org/regenerator-runtime/-/regenerator-runtime-0.14.1.tgz#356ade10263f685dda125100cd862c1db895327f"
  integrity sha512-dYnhHh0nJoMfnkZs6GmmhFknAGRrLznOu5nc9ML+EJxGvrx6H7teuevqVqCuPcPK//3eDrrjQhehXVx9cnkGdw==

tailwind-merge@^2.2.2:
  version "2.2.2"
  resolved "https://registry.npmjs.org/tailwind-merge/-/tailwind-merge-2.2.2.tgz#87341e7604f0e20499939e152cd2841f41f7a3df"
  integrity sha512-tWANXsnmJzgw6mQ07nE3aCDkCK4QdT3ThPMCzawoYA2Pws7vSTCvz3Vrjg61jVUGfFZPJzxEP+NimbcW+EdaDw==
  dependencies:
    "@babel/runtime" "^7.24.0"

tailwindcss-animate@^1.0.7:
  version "1.0.7"
  resolved "https://registry.npmjs.org/tailwindcss-animate/-/tailwindcss-animate-1.0.7.tgz#318b692c4c42676cc9e67b19b78775742388bef4"
  integrity sha512-bl6mpH3T7I3UFxuvDEXLxy/VuFxBk5bbzplh7tXI68mwMokNYd1t9qPBHlnyTwfa4JGC4zP516I1hYYtQ/vspA==
